
Microsoft Visual Studio Solution File, Format Version 12.00
# Visual Studio Version 17
VisualStudioVersion = 17.5.33414.496
MinimumVisualStudioVersion = 10.0.40219.1
Project("{FAE04EC0-301F-11D3-BF4B-00C04F79EFBC}") = "SuperAdventure", "SuperAdventure\SuperAdventure.csproj", "{347B0A42-DF9B-495B-AE5C-5954662522DA}"
EndProject
Project("{FAE04EC0-301F-11D3-BF4B-00C04F79EFBC}") = "Engine", "Engine\Engine.csproj", "{AA93431A-EB74-4728-A9BA-81E139306809}"
EndProject
Global
	GlobalSection(SolutionConfigurationPlatforms) = preSolution
		Debug|Any CPU = Debug|Any CPU
		Release|Any CPU = Release|Any CPU
	EndGlobalSection
	GlobalSection(ProjectConfigurationPlatforms) = postSolution
		{347B0A42-DF9B-495B-AE5C-5954662522DA}.Debug|Any CPU.ActiveCfg = Debug|Any CPU
		{347B0A42-DF9B-495B-AE5C-5954662522DA}.Debug|Any CPU.Build.0 = Debug|Any CPU
		{347B0A42-DF9B-495B-AE5C-5954662522DA}.Release|Any CPU.ActiveCfg = Release|Any CPU
		{347B0A42-DF9B-495B-AE5C-5954662522DA}.Release|Any CPU.Build.0 = Release|Any CPU
		{AA93431A-EB74-4728-A9BA-81E139306809}.Debug|Any CPU.ActiveCfg = Debug|Any CPU
		{AA93431A-EB74-4728-A9BA-81E139306809}.Debug|Any CPU.Build.0 = Debug|Any CPU
		{AA93431A-EB74-4728-A9BA-81E139306809}.Release|Any CPU.ActiveCfg = Release|Any CPU
		{AA93431A-EB74-4728-A9BA-81E139306809}.Release|Any CPU.Build.0 = Release|Any CPU
	EndGlobalSection
	GlobalSection(SolutionProperties) = preSolution
		HideSolutionNode = FALSE
	EndGlobalSection
	GlobalSection(ExtensibilityGlobals) = postSolution
		SolutionGuid = {FA979313-F388-41F5-B8BA-A8928F351B04}
	EndGlobalSection
EndGlobal
